{
  "name": "opencode",
  "lockfileVersion": 3,
  "requires": true,
  "packages": {
    "": {
      "dependencies": {
        "@opencode-ai/plugin": "1.2.27",
        "opencode-claude-auth": "latest"
      }
    },
    "node_modules/@opencode-ai/plugin": {
      "version": "1.2.27",
      "license": "MIT",
      "dependencies": {
        "@opencode-ai/sdk": "1.2.27",
        "zod": "4.1.8"
      }
    },
    "node_modules/@opencode-ai/sdk": {
      "version": "1.2.27",
      "license": "MIT"
    },
    "node_modules/opencode-claude-auth": {
      "version": "1.1.1",
      "resolved": "https://registry.npmjs.org/opencode-claude-auth/-/opencode-claude-auth-1.1.1.tgz",
      "integrity": "sha512-wdAemcZC3RUbtecRlUux64AJlkhbuRQfu8FTEolhvwVuIiBKs/aXqk7Urek+WTGnuC9sHIUxIWP0393qx8vOWw==",
      "license": "MIT",
      "peerDependencies": {
        "@opencode-ai/plugin": "*"
      }
    },
    "node_modules/zod": {
      "version": "4.1.8",
      "license": "MIT",
      "funding": {
        "url": "https://github.com/sponsors/colinhacks"
      }
    }
  }
}
